
Microsoft Visual Studio Solution File, Format Version 12.00
# Visual Studio Version 17
VisualStudioVersion = 17.0.31903.59
MinimumVisualStudioVersion = 10.0.40219.1
Project("{2150E333-8FDC-42A3-9474-1A3956D46DE8}") = "src", "src", "{D9A8DE9E-D308-42FD-9B8F-B149FD1770D5}"
EndProject
Project("{FAE04EC0-301F-11D3-BF4B-00C04F79EFBC}") = "client", "src\client\client.csproj", "{B8433F34-BCF0-4344-919B-189E22F39F1D}"
EndProject
Project("{FAE04EC0-301F-11D3-BF4B-00C04F79EFBC}") = "server", "src\server\server.csproj", "{75487395-AC3F-4B28-A358-DAB1D208BB19}"
EndProject
Global
	GlobalSection(SolutionConfigurationPlatforms) = preSolution
		Debug|Any CPU = Debug|Any CPU
		Release|Any CPU = Release|Any CPU
	EndGlobalSection
	GlobalSection(SolutionProperties) = preSolution
		HideSolutionNode = FALSE
	EndGlobalSection
	GlobalSection(ProjectConfigurationPlatforms) = postSolution
		{B8433F34-BCF0-4344-919B-189E22F39F1D}.Debug|Any CPU.ActiveCfg = Debug|Any CPU
		{B8433F34-BCF0-4344-919B-189E22F39F1D}.Debug|Any CPU.Build.0 = Debug|Any CPU
		{B8433F34-BCF0-4344-919B-189E22F39F1D}.Release|Any CPU.ActiveCfg = Release|Any CPU
		{B8433F34-BCF0-4344-919B-189E22F39F1D}.Release|Any CPU.Build.0 = Release|Any CPU
		{75487395-AC3F-4B28-A358-DAB1D208BB19}.Debug|Any CPU.ActiveCfg = Debug|Any CPU
		{75487395-AC3F-4B28-A358-DAB1D208BB19}.Debug|Any CPU.Build.0 = Debug|Any CPU
		{75487395-AC3F-4B28-A358-DAB1D208BB19}.Release|Any CPU.ActiveCfg = Release|Any CPU
		{75487395-AC3F-4B28-A358-DAB1D208BB19}.Release|Any CPU.Build.0 = Release|Any CPU
	EndGlobalSection
	GlobalSection(NestedProjects) = preSolution
		{B8433F34-BCF0-4344-919B-189E22F39F1D} = {D9A8DE9E-D308-42FD-9B8F-B149FD1770D5}
		{75487395-AC3F-4B28-A358-DAB1D208BB19} = {D9A8DE9E-D308-42FD-9B8F-B149FD1770D5}
	EndGlobalSection
EndGlobal
